Microsoft Visual Studio Solution File, Format Version 11.00
# Visual C# Express 2010
Project("{FAE04EC0-301F-11D3-BF4B-00C04F79EFBC}") = "RrdSharp-test", "RrdSharp-test.csproj", "{3DEDEA79-2BB4-4AE1-88BB-1A3952C3207E}"
EndProject
Global
	GlobalSection(SolutionConfigurationPlatforms) = preSolution
		Debug|Any CPU = Debug|Any CPU
		Release|Any CPU = Release|Any CPU
	EndGlobalSection
	GlobalSection(ProjectConfigurationPlatforms) = postSolution
		{3DEDEA79-2BB4-4AE1-88BB-1A3952C3207E}.Debug|Any CPU.ActiveCfg = Debug|Any CPU
		{3DEDEA79-2BB4-4AE1-88BB-1A3952C3207E}.Debug|Any CPU.Build.0 = Debug|Any CPU
		{3DEDEA79-2BB4-4AE1-88BB-1A3952C3207E}.Release|Any CPU.ActiveCfg = Release|Any CPU
		{3DEDEA79-2BB4-4AE1-88BB-1A3952C3207E}.Release|Any CPU.Build.0 = Release|Any CPU
	EndGlobalSection
	GlobalSection(SolutionProperties) = preSolution
		HideSolutionNode = FALSE
	EndGlobalSection
EndGlobal
